# THIS IS AN AUTOGENERATED FILE. DO NOT EDIT THIS FILE DIRECTLY.
# yarn lockfile v1


buildcheck@0.0.3:
  version "0.0.3"
  resolved "https://registry.yarnpkg.com/buildcheck/-/buildcheck-0.0.3.tgz#70451897a95d80f7807e68fc412eb2e7e35ff4d5"
  integrity sha512-pziaA+p/wdVImfcbsZLNF32EiWyujlQLwolMqUQE8xpKNOH7KmZQaY8sXN7DGOEzPAElo9QTaeNRfGnf3iOJbA==

cpu-features@^0.0.4:
  version "0.0.4"
  resolved "https://registry.yarnpkg.com/cpu-features/-/cpu-features-0.0.4.tgz#0023475bb4f4c525869c162e4108099e35bf19d8"
  integrity sha512-fKiZ/zp1mUwQbnzb9IghXtHtDoTMtNeb8oYGx6kX2SYfhnG0HNdBEBIzB9b5KlXu5DQPhfy3mInbBxFcgwAr3A==
  dependencies:
    buildcheck "0.0.3"
    nan "^2.15.0"

nan@^2.15.0:
  version "2.17.0"
  resolved "https://registry.yarnpkg.com/nan/-/nan-2.17.0.tgz#c0150a2368a182f033e9aa5195ec76ea41a199cb"
  integrity sha512-2ZTgtl0nJsO0KQCjEpxcIr5D+Yv90plTitZt9JBfQvVJDS5seMl3FOvsh3+9CoYWXf/1l5OaZzzF6nDm4cagaQ==
